
Microsoft Visual Studio Solution File, Format Version 12.00
# Visual Studio Version 16
VisualStudioVersion = 16.0.30717.126
MinimumVisualStudioVersion = 10.0.40219.1
Project("{2150E333-8FDC-42A3-9474-1A3956D46DE8}") = "src", "src", "{C1E93D8B-E03C-47B7-BB68-2930EF80586C}"
EndProject
Project("{2150E333-8FDC-42A3-9474-1A3956D46DE8}") = "Services", "Services", "{835DB8D2-3775-4886-8EDA-85A68499C948}"
EndProject
Project("{2150E333-8FDC-42A3-9474-1A3956D46DE8}") = "Web App", "Web App", "{5DBF0D4E-1127-4EAA-BF6C-B2E668225E96}"
EndProject
Project("{2150E333-8FDC-42A3-9474-1A3956D46DE8}") = "StudentManaging", "StudentManaging", "{67987253-51D0-4C7D-84E3-14CB79641B3F}"
EndProject
Project("{2150E333-8FDC-42A3-9474-1A3956D46DE8}") = "tests", "tests", "{53BC249B-5E7A-4E42-B8A3-A28517BFE13C}"
EndProject
Global
	GlobalSection(SolutionProperties) = preSolution
		HideSolutionNode = FALSE
	EndGlobalSection
	GlobalSection(NestedProjects) = preSolution
		{835DB8D2-3775-4886-8EDA-85A68499C948} = {C1E93D8B-E03C-47B7-BB68-2930EF80586C}
		{5DBF0D4E-1127-4EAA-BF6C-B2E668225E96} = {C1E93D8B-E03C-47B7-BB68-2930EF80586C}
		{67987253-51D0-4C7D-84E3-14CB79641B3F} = {835DB8D2-3775-4886-8EDA-85A68499C948}
		{53BC249B-5E7A-4E42-B8A3-A28517BFE13C} = {67987253-51D0-4C7D-84E3-14CB79641B3F}
	EndGlobalSection
	GlobalSection(ExtensibilityGlobals) = postSolution
		SolutionGuid = {CB2D2DC7-44B3-4842-B99C-0E095BB29CEE}
	EndGlobalSection
EndGlobal
